
Microsoft Visual Studio Solution File, Format Version 12.00
# Visual Studio Version 17
VisualStudioVersion = 17.9.34607.119
MinimumVisualStudioVersion = 10.0.40219.1
Project("{FAE04EC0-301F-11D3-BF4B-00C04F79EFBC}") = "Filters", "Filters.csproj", "{35EE799A-F4E5-48B6-923B-B2A81CC8CBD9}"
EndProject
Global
	GlobalSection(SolutionConfigurationPlatforms) = preSolution
		Debug|Any CPU = Debug|Any CPU
		Release|Any CPU = Release|Any CPU
	EndGlobalSection
	GlobalSection(ProjectConfigurationPlatforms) = postSolution
		{35EE799A-F4E5-48B6-923B-B2A81CC8CBD9}.Debug|Any CPU.ActiveCfg = Debug|Any CPU
		{35EE799A-F4E5-48B6-923B-B2A81CC8CBD9}.Debug|Any CPU.Build.0 = Debug|Any CPU
		{35EE799A-F4E5-48B6-923B-B2A81CC8CBD9}.Release|Any CPU.ActiveCfg = Release|Any CPU
		{35EE799A-F4E5-48B6-923B-B2A81CC8CBD9}.Release|Any CPU.Build.0 = Release|Any CPU
	EndGlobalSection
	GlobalSection(SolutionProperties) = preSolution
		HideSolutionNode = FALSE
	EndGlobalSection
	GlobalSection(ExtensibilityGlobals) = postSolution
		SolutionGuid = {F86F9EB4-E12C-42ED-A5DC-C07763886A6B}
	EndGlobalSection
EndGlobal
